// !$*UTF8*$!
{
	archiveVersion = 1;
	classes = {
	};
	objectVersion = 50;
	objects = {

/* Begin PBXBuildFile section */
		18D05C61283D3BD10006B90B /* Observable.swift in Sources */ = {isa = PBXBuildFile; fileRef = 18D05C60283D3BD10006B90B /* Observable.swift */; };
		28B402D82669352F002F8921 /* EpisodeViewModel.swift in Sources */ = {isa = PBXBuildFile; fileRef = 28B402D72669352F002F8921 /* EpisodeViewModel.swift */; };
		28B402DD26693696002F8921 /* APIService.swift in Sources */ = {isa = PBXBuildFile; fileRef = 28B402DC26693696002F8921 /* APIService.swift */; };
		28B403022669435B002F8921 /* APIManager.swift in Sources */ = {isa = PBXBuildFile; fileRef = 28B403012669435B002F8921 /* APIManager.swift */; };
		28E1265C2651493D007A49B5 /* AppDelegate.swift in Sources */ = {isa = PBXBuildFile; fileRef = 28E1265B2651493D007A49B5 /* AppDelegate.swift */; };
		28E1265E2651493D007A49B5 /* SceneDelegate.swift in Sources */ = {isa = PBXBuildFile; fileRef = 28E1265D2651493D007A49B5 /* SceneDelegate.swift */; };
		28E126602651493D007A49B5 /* ViewController.swift in Sources */ = {isa = PBXBuildFile; fileRef = 28E1265F2651493D007A49B5 /* ViewController.swift */; };
		28E126632651493D007A49B5 /* Main.storyboard in Resources */ = {isa = PBXBuildFile; fileRef = 28E126612651493D007A49B5 /* Main.storyboard */; };
		28E126652651493D007A49B5 /* Assets.xcassets in Resources */ = {isa = PBXBuildFile; fileRef = 28E126642651493D007A49B5 /* Assets.xcassets */; };
		28E126682651493D007A49B5 /* LaunchScreen.storyboard in Resources */ = {isa = PBXBuildFile; fileRef = 28E126662651493D007A49B5 /* LaunchScreen.storyboard */; };
		28E126732651493E007A49B5 /* DataModelingUsingStructTests.swift in Sources */ = {isa = PBXBuildFile; fileRef = 28E126722651493E007A49B5 /* DataModelingUsingStructTests.swift */; };
		28E1267E2651493E007A49B5 /* DataModelingUsingStructUITests.swift in Sources */ = {isa = PBXBuildFile; fileRef = 28E1267D2651493E007A49B5 /* DataModelingUsingStructUITests.swift */; };
		28E1268F2651498C007A49B5 /* EpisodeModel.swift in Sources */ = {isa = PBXBuildFile; fileRef = 28E1268E2651498C007A49B5 /* EpisodeModel.swift */; };
/* End PBXBuildFile section */

/* Begin PBXContainerItemProxy section */
		28E1266F2651493E007A49B5 /* PBXContainerItemProxy */ = {
			isa = PBXContainerItemProxy;
			containerPortal = 28E126502651493C007A49B5 /* Project object */;
			proxyType = 1;
			remoteGlobalIDString = 28E126572651493D007A49B5;
			remoteInfo = DataModelingUsingStruct;
		};
		28E1267A2651493E007A49B5 /* PBXContainerItemProxy */ = {
			isa = PBXContainerItemProxy;
			containerPortal = 28E126502651493C007A49B5 /* Project object */;
			proxyType = 1;
			remoteGlobalIDString = 28E126572651493D007A49B5;
			remoteInfo = DataModelingUsingStruct;
		};
/* End PBXContainerItemProxy section */

/* Begin PBXFileReference section */
		18D05C60283D3BD10006B90B /* Observable.swift */ = {isa = PBXFileReference; lastKnownFileType = sourcecode.swift; path = Observable.swift; sourceTree = "<group>"; };
		28B402D72669352F002F8921 /* EpisodeViewModel.swift */ = {isa = PBXFileReference; lastKnownFileType = sourcecode.swift; path = EpisodeViewModel.swift; sourceTree = "<group>"; };
		28B402DC26693696002F8921 /* APIService.swift */ = {isa = PBXFileReference; lastKnownFileType = sourcecode.swift; path = APIService.swift; sourceTree = "<group>"; };
		28B403012669435B002F8921 /* APIManager.swift */ = {isa = PBXFileReference; lastKnownFileType = sourcecode.swift; path = APIManager.swift; sourceTree = "<group>"; };
		28E126582651493D007A49B5 /* DataModelingUsingStruct.app */ = {isa = PBXFileReference; explicitFileType = wrapper.application; includeInIndex = 0; path = DataModelingUsingStruct.app; sourceTree = BUILT_PRODUCTS_DIR; };
		28E1265B2651493D007A49B5 /* AppDelegate.swift */ = {isa = PBXFileReference; lastKnownFileType = sourcecode.swift; path = AppDelegate.swift; sourceTree = "<group>"; };
		28E1265D2651493D007A49B5 /* SceneDelegate.swift */ = {isa = PBXFileReference; lastKnownFileType = sourcecode.swift; path = SceneDelegate.swift; sourceTree = "<group>"; };
		28E1265F2651493D007A49B5 /* ViewController.swift */ = {isa = PBXFileReference; lastKnownFileType = sourcecode.swift; path = ViewController.swift; sourceTree = "<group>"; };
		28E126622651493D007A49B5 /* Base */ = {isa = PBXFileReference; lastKnownFileType = file.storyboard; name = Base; path = Base.lproj/Main.storyboard; sourceTree = "<group>"; };
		28E126642651493D007A49B5 /* Assets.xcassets */ = {isa = PBXFileReference; lastKnownFileType = folder.assetcatalog; path = Assets.xcassets; sourceTree = "<group>"; };
		28E126672651493D007A49B5 /* Base */ = {isa = PBXFileReference; lastKnownFileType = file.storyboard; name = Base; path = Base.lproj/LaunchScreen.storyboard; sourceTree = "<group>"; };
		28E126692651493D007A49B5 /* Info.plist */ = {isa = PBXFileReference; lastKnownFileType = text.plist.xml; path = Info.plist; sourceTree = "<group>"; };
		28E1266E2651493E007A49B5 /* DataModelingUsingStructTests.xctest */ = {isa = PBXFileReference; explicitFileType = wrapper.cfbundle; includeInIndex = 0; path = DataModelingUsingStructTests.xctest; sourceTree = BUILT_PRODUCTS_DIR; };
		28E126722651493E007A49B5 /* DataModelingUsingStructTests.swift */ = {isa = PBXFileReference; lastKnownFileType = sourcecode.swift; path = DataModelingUsingStructTests.swift; sourceTree = "<group>"; };
		28E126742651493E007A49B5 /* Info.plist */ = {isa = PBXFileReference; lastKnownFileType = text.plist.xml; path = Info.plist; sourceTree = "<group>"; };
		28E126792651493E007A49B5 /* DataModelingUsingStructUITests.xctest */ = {isa = PBXFileReference; explicitFileType = wrapper.cfbundle; includeInIndex = 0; path = DataModelingUsingStructUITests.xctest; sourceTree = BUILT_PRODUCTS_DIR; };
		28E1267D2651493E007A49B5 /* DataModelingUsingStructUITests.swift */ = {isa = PBXFileReference; lastKnownFileType = sourcecode.swift; path = DataModelingUsingStructUITests.swift; sourceTree = "<group>"; };
		28E1267F2651493E007A49B5 /* Info.plist */ = {isa = PBXFileReference; lastKnownFileType = text.plist.xml; path = Info.plist; sourceTree = "<group>"; };
		28E1268E2651498C007A49B5 /* EpisodeModel.swift */ = {isa = PBXFileReference; lastKnownFileType = sourcecode.swift; path = EpisodeModel.swift; sourceTree = "<group>"; };
/* End PBXFileReference section */

/* Begin PBXFrameworksBuildPhase section */
		28E126552651493D007A49B5 /* Frameworks */ = {
			isa = PBXFrameworksBuildPhase;
			buildActionMask = 2147483647;
			files = (
			);
			runOnlyForDeploymentPostprocessing = 0;
		};
		28E1266B2651493E007A49B5 /* Frameworks */ = {
			isa = PBXFrameworksBuildPhase;
			buildActionMask = 2147483647;
			files = (
			);
			runOnlyForDeploymentPostprocessing = 0;
		};
		28E126762651493E007A49B5 /* Frameworks */ = {
			isa = PBXFrameworksBuildPhase;
			buildActionMask = 2147483647;
			files = (
			);
			runOnlyForDeploymentPostprocessing = 0;
		};
/* End PBXFrameworksBuildPhase section */

/* Begin PBXGroup section */
		28B402D3266934C1002F8921 /* NetworkCall */ = {
			isa = PBXGroup;
			children = (
				28B402DC26693696002F8921 /* APIService.swift */,
			);
			path = NetworkCall;
			sourceTree = "<group>";
		};
		28B402D4266934D8002F8921 /* ViewModel */ = {
			isa = PBXGroup;
			children = (
				28B402D72669352F002F8921 /* EpisodeViewModel.swift */,
			);
			path = ViewModel;
			sourceTree = "<group>";
		};
		28B402D5266934EA002F8921 /* Controller */ = {
			isa = PBXGroup;
			children = (
				28E1265F2651493D007A49B5 /* ViewController.swift */,
			);
			path = Controller;
			sourceTree = "<group>";
		};
		28B402D626693504002F8921 /* Models */ = {
			isa = PBXGroup;
			children = (
				28E1268E2651498C007A49B5 /* EpisodeModel.swift */,
			);
			path = Models;
			sourceTree = "<group>";
		};
		28B402E126693F34002F8921 /* AppDelegate */ = {
			isa = PBXGroup;
			children = (
				28E1265B2651493D007A49B5 /* AppDelegate.swift */,
				28E1265D2651493D007A49B5 /* SceneDelegate.swift */,
			);
			path = AppDelegate;
			sourceTree = "<group>";
		};
		28B403002669434C002F8921 /* Common */ = {
			isa = PBXGroup;
			children = (
				28B403012669435B002F8921 /* APIManager.swift */,
				18D05C60283D3BD10006B90B /* Observable.swift */,
			);
			path = Common;
			sourceTree = "<group>";
		};
		28E1264F2651493C007A49B5 = {
			isa = PBXGroup;
			children = (
				28E1265A2651493D007A49B5 /* DataModelingUsingStruct */,
				28E126712651493E007A49B5 /* DataModelingUsingStructTests */,
				28E1267C2651493E007A49B5 /* DataModelingUsingStructUITests */,
				28E126592651493D007A49B5 /* Products */,
			);
			sourceTree = "<group>";
		};
		28E126592651493D007A49B5 /* Products */ = {
			isa = PBXGroup;
			children = (
				28E126582651493D007A49B5 /* DataModelingUsingStruct.app */,
				28E1266E2651493E007A49B5 /* DataModelingUsingStructTests.xctest */,
				28E126792651493E007A49B5 /* DataModelingUsingStructUITests.xctest */,
			);
			name = Products;
			sourceTree = "<group>";
		};
		28E1265A2651493D007A49B5 /* DataModelingUsingStruct */ = {
			isa = PBXGroup;
			children = (
				28B402E126693F34002F8921 /* AppDelegate */,
				28B402D626693504002F8921 /* Models */,
				28B402D4266934D8002F8921 /* ViewModel */,
				28B402D5266934EA002F8921 /* Controller */,
				28B402D3266934C1002F8921 /* NetworkCall */,
				28B403002669434C002F8921 /* Common */,
				28E126612651493D007A49B5 /* Main.storyboard */,
				28E126642651493D007A49B5 /* Assets.xcassets */,
				28E126662651493D007A49B5 /* LaunchScreen.storyboard */,
				28E126692651493D007A49B5 /* Info.plist */,
			);
			path = DataModelingUsingStruct;
			sourceTree = "<group>";
		};
		28E126712651493E007A49B5 /* DataModelingUsingStructTests */ = {
			isa = PBXGroup;
			children = (
				28E126722651493E007A49B5 /* DataModelingUsingStructTests.swift */,
				28E126742651493E007A49B5 /* Info.plist */,
			);
			path = DataModelingUsingStructTests;
			sourceTree = "<group>";
		};
		28E1267C2651493E007A49B5 /* DataModelingUsingStructUITests */ = {
			isa = PBXGroup;
			children = (
				28E1267D2651493E007A49B5 /* DataModelingUsingStructUITests.swift */,
				28E1267F2651493E007A49B5 /* Info.plist */,
			);
			path = DataModelingUsingStructUITests;
			sourceTree = "<group>";
		};
/* End PBXGroup section */

/* Begin PBXNativeTarget section */
		28E126572651493D007A49B5 /* DataModelingUsingStruct */ = {
			isa = PBXNativeTarget;
			buildConfigurationList = 28E126822651493E007A49B5 /* Build configuration list for PBXNativeTarget "DataModelingUsingStruct" */;
			buildPhases = (
				28E126542651493D007A49B5 /* Sources */,
				28E126552651493D007A49B5 /* Frameworks */,
				28E126562651493D007A49B5 /* Resources */,
			);
			buildRules = (
			);
			dependencies = (
			);
			name = DataModelingUsingStruct;
			productName = DataModelingUsingStruct;
			productReference = 28E126582651493D007A49B5 /* DataModelingUsingStruct.app */;
			productType = "com.apple.product-type.application";
		};
		28E1266D2651493E007A49B5 /* DataModelingUsingStructTests */ = {
			isa = PBXNativeTarget;
			buildConfigurationList = 28E126852651493E007A49B5 /* Build configuration list for PBXNativeTarget "DataModelingUsingStructTests" */;
			buildPhases = (
				28E1266A2651493E007A49B5 /* Sources */,
				28E1266B2651493E007A49B5 /* Frameworks */,
				28E1266C2651493E007A49B5 /* Resources */,
			);
			buildRules = (
			);
			dependencies = (
				28E126702651493E007A49B5 /* PBXTargetDependency */,
			);
			name = DataModelingUsingStructTests;
			productName = DataModelingUsingStructTests;
			productReference = 28E1266E2651493E007A49B5 /* DataModelingUsingStructTests.xctest */;
			productType = "com.apple.product-type.bundle.unit-test";
		};
		28E126782651493E007A49B5 /* DataModelingUsingStructUITests */ = {
			isa = PBXNativeTarget;
			buildConfigurationList = 28E126882651493E007A49B5 /* Build configuration list for PBXNativeTarget "DataModelingUsingStructUITests" */;
			buildPhases = (
				28E126752651493E007A49B5 /* Sources */,
				28E126762651493E007A49B5 /* Frameworks */,
				28E126772651493E007A49B5 /* Resources */,
			);
			buildRules = (
			);
			dependencies = (
				28E1267B2651493E007A49B5 /* PBXTargetDependency */,
			);
			name = DataModelingUsingStructUITests;
			productName = DataModelingUsingStructUITests;
			productReference = 28E126792651493E007A49B5 /* DataModelingUsingStructUITests.xctest */;
			productType = "com.apple.product-type.bundle.ui-testing";
		};
/* End PBXNativeTarget section */

/* Begin PBXProject section */
		28E126502651493C007A49B5 /* Project object */ = {
			isa = PBXProject;
			attributes = {
				LastSwiftUpdateCheck = 1240;
				LastUpgradeCheck = 1240;
				TargetAttributes = {
					28E126572651493D007A49B5 = {
						CreatedOnToolsVersion = 12.4;
					};
					28E1266D2651493E007A49B5 = {
						CreatedOnToolsVersion = 12.4;
						TestTargetID = 28E126572651493D007A49B5;
					};
					28E126782651493E007A49B5 = {
						CreatedOnToolsVersion = 12.4;
						TestTargetID = 28E126572651493D007A49B5;
					};
				};
			};
			buildConfigurationList = 28E126532651493D007A49B5 /* Build configuration list for PBXProject "DataModelingUsingStruct" */;
			compatibilityVersion = "Xcode 9.3";
			developmentRegion = en;
			hasScannedForEncodings = 0;
			knownRegions = (
				en,
				Base,
			);
			mainGroup = 28E1264F2651493C007A49B5;
			productRefGroup = 28E126592651493D007A49B5 /* Products */;
			projectDirPath = "";
			projectRoot = "";
			targets = (
				28E126572651493D007A49B5 /* DataModelingUsingStruct */,
				28E1266D2651493E007A49B5 /* DataModelingUsingStructTests */,
				28E126782651493E007A49B5 /* DataModelingUsingStructUITests */,
			);
		};
/* End PBXProject section */

/* Begin PBXResourcesBuildPhase section */
		28E126562651493D007A49B5 /* Resources */ = {
			isa = PBXResourcesBuildPhase;
			buildActionMask = 2147483647;
			files = (
				28E126682651493D007A49B5 /* LaunchScreen.storyboard in Resources */,
				28E126652651493D007A49B5 /* Assets.xcassets in Resources */,
				28E126632651493D007A49B5 /* Main.storyboard in Resources */,
			);
			runOnlyForDeploymentPostprocessing = 0;
		};
		28E1266C2651493E007A49B5 /* Resources */ = {
			isa = PBXResourcesBuildPhase;
			buildActionMask = 2147483647;
			files = (
			);
			runOnlyForDeploymentPostprocessing = 0;
		};
		28E126772651493E007A49B5 /* Resources */ = {
			isa = PBXResourcesBuildPhase;
			buildActionMask = 2147483647;
			files = (
			);
			runOnlyForDeploymentPostprocessing = 0;
		};
/* End PBXResourcesBuildPhase section */

/* Begin PBXSourcesBuildPhase section */
		28E126542651493D007A49B5 /* Sources */ = {
			isa = PBXSourcesBuildPhase;
			buildActionMask = 2147483647;
			files = (
				18D05C61283D3BD10006B90B /* Observable.swift in Sources */,
				28E126602651493D007A49B5 /* ViewController.swift in Sources */,
				28E1265C2651493D007A49B5 /* AppDelegate.swift in Sources */,
				28E1265E2651493D007A49B5 /* SceneDelegate.swift in Sources */,
				28B402D82669352F002F8921 /* EpisodeViewModel.swift in Sources */,
				28B402DD26693696002F8921 /* APIService.swift in Sources */,
				28E1268F2651498C007A49B5 /* EpisodeModel.swift in Sources */,
				28B403022669435B002F8921 /* APIManager.swift in Sources */,
			);
			runOnlyForDeploymentPostprocessing = 0;
		};
		28E1266A2651493E007A49B5 /* Sources */ = {
			isa = PBXSourcesBuildPhase;
			buildActionMask = 2147483647;
			files = (
				28E126732651493E007A49B5 /* DataModelingUsingStructTests.swift in Sources */,
			);
			runOnlyForDeploymentPostprocessing = 0;
		};
		28E126752651493E007A49B5 /* Sources */ = {
			isa = PBXSourcesBuildPhase;
			buildActionMask = 2147483647;
			files = (
				28E1267E2651493E007A49B5 /* DataModelingUsingStructUITests.swift in Sources */,
			);
			runOnlyForDeploymentPostprocessing = 0;
		};
/* End PBXSourcesBuildPhase section */

/* Begin PBXTargetDependency section */
		28E126702651493E007A49B5 /* PBXTargetDependency */ = {
			isa = PBXTargetDependency;
			target = 28E126572651493D007A49B5 /* DataModelingUsingStruct */;
			targetProxy = 28E1266F2651493E007A49B5 /* PBXContainerItemProxy */;
		};
		28E1267B2651493E007A49B5 /* PBXTargetDependency */ = {
			isa = PBXTargetDependency;
			target = 28E126572651493D007A49B5 /* DataModelingUsingStruct */;
			targetProxy = 28E1267A2651493E007A49B5 /* PBXContainerItemProxy */;
		};
/* End PBXTargetDependency section */

/* Begin PBXVariantGroup section */
		28E126612651493D007A49B5 /* Main.storyboard */ = {
			isa = PBXVariantGroup;
			children = (
				28E126622651493D007A49B5 /* Base */,
			);
			name = Main.storyboard;
			sourceTree = "<group>";
		};
		28E126662651493D007A49B5 /* LaunchScreen.storyboard */ = {
			isa = PBXVariantGroup;
			children = (
				28E126672651493D007A49B5 /* Base */,
			);
			name = LaunchScreen.storyboard;
			sourceTree = "<group>";
		};
/* End PBXVariantGroup section */

/* Begin XCBuildConfiguration section */
		28E126802651493E007A49B5 /* Debug */ = {
			isa = XCBuildConfiguration;
			buildSettings = {
				ALWAYS_SEARCH_USER_PATHS = NO;
				CLANG_ANALYZER_NONNULL = YES;
				CLANG_ANALYZER_NUMBER_OBJECT_CONVERSION = YES_AGGRESSIVE;
				CLANG_CXX_LANGUAGE_STANDARD = "gnu++14";
				CLANG_CXX_LIBRARY = "libc++";
				CLANG_ENABLE_MODULES = YES;
				CLANG_ENABLE_OBJC_ARC = YES;
				CLANG_ENABLE_OBJC_WEAK = YES;
				CLANG_WARN_BLOCK_CAPTURE_AUTORELEASING = YES;
				CLANG_WARN_BOOL_CONVERSION = YES;
				CLANG_WARN_COMMA = YES;
				CLANG_WARN_CONSTANT_CONVERSION = YES;
				CLANG_WARN_DEPRECATED_OBJC_IMPLEMENTATIONS = YES;
				CLANG_WARN_DIRECT_OBJC_ISA_USAGE = YES_ERROR;
				CLANG_WARN_DOCUMENTATION_COMMENTS = YES;
				CLANG_WARN_EMPTY_BODY = YES;
				CLANG_WARN_ENUM_CONVERSION = YES;
				CLANG_WARN_INFINITE_RECURSION = YES;
				CLANG_WARN_INT_CONVERSION = YES;
				CLANG_WARN_NON_LITERAL_NULL_CONVERSION = YES;
				CLANG_WARN_OBJC_IMPLICIT_RETAIN_SELF = YES;
				CLANG_WARN_OBJC_LITERAL_CONVERSION = YES;
				CLANG_WARN_OBJC_ROOT_CLASS = YES_ERROR;
				CLANG_WARN_QUOTED_INCLUDE_IN_FRAMEWORK_HEADER = YES;
				CLANG_WARN_RANGE_LOOP_ANALYSIS = YES;
				CLANG_WARN_STRICT_PROTOTYPES = YES;
				CLANG_WARN_SUSPICIOUS_MOVE = YES;
				CLANG_WARN_UNGUARDED_AVAILABILITY = YES_AGGRESSIVE;
				CLANG_WARN_UNREACHABLE_CODE = YES;
				CLANG_WARN__DUPLICATE_METHOD_MATCH = YES;
				COPY_PHASE_STRIP = NO;
				DEBUG_INFORMATION_FORMAT = dwarf;
				ENABLE_STRICT_OBJC_MSGSEND = YES;
				ENABLE_TESTABILITY = YES;
				GCC_C_LANGUAGE_STANDARD = gnu11;
				GCC_DYNAMIC_NO_PIC = NO;
				GCC_NO_COMMON_BLOCKS = YES;
				GCC_OPTIMIZATION_LEVEL = 0;
				GCC_PREPROCESSOR_DEFINITIONS = (
					"DEBUG=1",
					"$(inherited)",
				);
				GCC_WARN_64_TO_32_BIT_CONVERSION = YES;
				GCC_WARN_ABOUT_RETURN_TYPE = YES_ERROR;
				GCC_WARN_UNDECLARED_SELECTOR = YES;
				GCC_WARN_UNINITIALIZED_AUTOS = YES_AGGRESSIVE;
				GCC_WARN_UNUSED_FUNCTION = YES;
				GCC_WARN_UNUSED_VARIABLE = YES;
				IPHONEOS_DEPLOYMENT_TARGET = 14.4;
				MTL_ENABLE_DEBUG_INFO = INCLUDE_SOURCE;
				MTL_FAST_MATH = YES;
				ONLY_ACTIVE_ARCH = YES;
				SDKROOT = iphoneos;
				SWIFT_ACTIVE_COMPILATION_CONDITIONS = DEBUG;
				SWIFT_OPTIMIZATION_LEVEL = "-Onone";
			};
			name = Debug;
		};
		28E126812651493E007A49B5 /* Release */ = {
			isa = XCBuildConfiguration;
			buildSettings = {
				ALWAYS_SEARCH_USER_PATHS = NO;
				CLANG_ANALYZER_NONNULL = YES;
				CLANG_ANALYZER_NUMBER_OBJECT_CONVERSION = YES_AGGRESSIVE;
				CLANG_CXX_LANGUAGE_STANDARD = "gnu++14";
				CLANG_CXX_LIBRARY = "libc++";
				CLANG_ENABLE_MODULES = YES;
				CLANG_ENABLE_OBJC_ARC = YES;
				CLANG_ENABLE_OBJC_WEAK = YES;
				CLANG_WARN_BLOCK_CAPTURE_AUTORELEASING = YES;
				CLANG_WARN_BOOL_CONVERSION = YES;
				CLANG_WARN_COMMA = YES;
				CLANG_WARN_CONSTANT_CONVERSION = YES;
				CLANG_WARN_DEPRECATED_OBJC_IMPLEMENTATIONS = YES;
				CLANG_WARN_DIRECT_OBJC_ISA_USAGE = YES_ERROR;
				CLANG_WARN_DOCUMENTATION_COMMENTS = YES;
				CLANG_WARN_EMPTY_BODY = YES;
				CLANG_WARN_ENUM_CONVERSION = YES;
				CLANG_WARN_INFINITE_RECURSION = YES;
				CLANG_WARN_INT_CONVERSION = YES;
				CLANG_WARN_NON_LITERAL_NULL_CONVERSION = YES;
				CLANG_WARN_OBJC_IMPLICIT_RETAIN_SELF = YES;
				CLANG_WARN_OBJC_LITERAL_CONVERSION = YES;
				CLANG_WARN_OBJC_ROOT_CLASS = YES_ERROR;
				CLANG_WARN_QUOTED_INCLUDE_IN_FRAMEWORK_HEADER = YES;
				CLANG_WARN_RANGE_LOOP_ANALYSIS = YES;
				CLANG_WARN_STRICT_PROTOTYPES = YES;
				CLANG_WARN_SUSPICIOUS_MOVE = YES;
				CLANG_WARN_UNGUARDED_AVAILABILITY = YES_AGGRESSIVE;
				CLANG_WARN_UNREACHABLE_CODE = YES;
				CLANG_WARN__DUPLICATE_METHOD_MATCH = YES;
				COPY_PHASE_STRIP = NO;
				DEBUG_INFORMATION_FORMAT = "dwarf-with-dsym";
				ENABLE_NS_ASSERTIONS = NO;
				ENABLE_STRICT_OBJC_MSGSEND = YES;
				GCC_C_LANGUAGE_STANDARD = gnu11;
				GCC_NO_COMMON_BLOCKS = YES;
				GCC_WARN_64_TO_32_BIT_CONVERSION = YES;
				GCC_WARN_ABOUT_RETURN_TYPE = YES_ERROR;
				GCC_WARN_UNDECLARED_SELECTOR = YES;
				GCC_WARN_UNINITIALIZED_AUTOS = YES_AGGRESSIVE;
				GCC_WARN_UNUSED_FUNCTION = YES;
				GCC_WARN_UNUSED_VARIABLE = YES;
				IPHONEOS_DEPLOYMENT_TARGET = 14.4;
				MTL_ENABLE_DEBUG_INFO = NO;
				MTL_FAST_MATH = YES;
				SDKROOT = iphoneos;
				SWIFT_COMPILATION_MODE = wholemodule;
				SWIFT_OPTIMIZATION_LEVEL = "-O";
				VALIDATE_PRODUCT = YES;
			};
			name = Release;
		};
		28E126832651493E007A49B5 /* Debug */ = {
			isa = XCBuildConfiguration;
			buildSettings = {
				ASSETCATALOG_COMPILER_APPICON_NAME = AppIcon;
				ASSETCATALOG_COMPILER_GLOBAL_ACCENT_COLOR_NAME = AccentColor;
				CODE_SIGN_STYLE = Automatic;
				DEVELOPMENT_TEAM = 9BMB7KMY7Q;
				INFOPLIST_FILE = DataModelingUsingStruct/Info.plist;
				LD_RUNPATH_SEARCH_PATHS = (
					"$(inherited)",
					"@executable_path/Frameworks",
				);
				PRODUCT_BUNDLE_IDENTIFIER = product.clicklabs.Tookan.DataModelingUsingStruct;
				PRODUCT_NAME = "$(TARGET_NAME)";
				SWIFT_VERSION = 5.0;
				TARGETED_DEVICE_FAMILY = "1,2";
			};
			name = Debug;
		};
		28E126842651493E007A49B5 /* Release */ = {
			isa = XCBuildConfiguration;
			buildSettings = {
				ASSETCATALOG_COMPILER_APPICON_NAME = AppIcon;
				ASSETCATALOG_COMPILER_GLOBAL_ACCENT_COLOR_NAME = AccentColor;
				CODE_SIGN_STYLE = Automatic;
				DEVELOPMENT_TEAM = 9BMB7KMY7Q;
				INFOPLIST_FILE = DataModelingUsingStruct/Info.plist;
				LD_RUNPATH_SEARCH_PATHS = (
					"$(inherited)",
					"@executable_path/Frameworks",
				);
				PRODUCT_BUNDLE_IDENTIFIER = product.clicklabs.Tookan.DataModelingUsingStruct;
				PRODUCT_NAME = "$(TARGET_NAME)";
				SWIFT_VERSION = 5.0;
				TARGETED_DEVICE_FAMILY = "1,2";
			};
			name = Release;
		};
		28E126862651493E007A49B5 /* Debug */ = {
			isa = XCBuildConfiguration;
			buildSettings = {
				ALWAYS_EMBED_SWIFT_STANDARD_LIBRARIES = YES;
				BUNDLE_LOADER = "$(TEST_HOST)";
				CODE_SIGN_STYLE = Automatic;
				DEVELOPMENT_TEAM = 9BMB7KMY7Q;
				INFOPLIST_FILE = DataModelingUsingStructTests/Info.plist;
				IPHONEOS_DEPLOYMENT_TARGET = 14.4;
				LD_RUNPATH_SEARCH_PATHS = (
					"$(inherited)",
					"@executable_path/Frameworks",
					"@loader_path/Frameworks",
				);
				PRODUCT_BUNDLE_IDENTIFIER = product.clicklabs.Tookan.DataModelingUsingStructTests;
				PRODUCT_NAME = "$(TARGET_NAME)";
				SWIFT_VERSION = 5.0;
				TARGETED_DEVICE_FAMILY = "1,2";
				TEST_HOST = "$(BUILT_PRODUCTS_DIR)/DataModelingUsingStruct.app/DataModelingUsingStruct";
			};
			name = Debug;
		};
		28E126872651493E007A49B5 /* Release */ = {
			isa = XCBuildConfiguration;
			buildSettings = {
				ALWAYS_EMBED_SWIFT_STANDARD_LIBRARIES = YES;
				BUNDLE_LOADER = "$(TEST_HOST)";
				CODE_SIGN_STYLE = Automatic;
				DEVELOPMENT_TEAM = 9BMB7KMY7Q;
				INFOPLIST_FILE = DataModelingUsingStructTests/Info.plist;
				IPHONEOS_DEPLOYMENT_TARGET = 14.4;
				LD_RUNPATH_SEARCH_PATHS = (
					"$(inherited)",
					"@executable_path/Frameworks",
					"@loader_path/Frameworks",
				);
				PRODUCT_BUNDLE_IDENTIFIER = product.clicklabs.Tookan.DataModelingUsingStructTests;
				PRODUCT_NAME = "$(TARGET_NAME)";
				SWIFT_VERSION = 5.0;
				TARGETED_DEVICE_FAMILY = "1,2";
				TEST_HOST = "$(BUILT_PRODUCTS_DIR)/DataModelingUsingStruct.app/DataModelingUsingStruct";
			};
			name = Release;
		};
		28E126892651493E007A49B5 /* Debug */ = {
			isa = XCBuildConfiguration;
			buildSettings = {
				ALWAYS_EMBED_SWIFT_STANDARD_LIBRARIES = YES;
				CODE_SIGN_STYLE = Automatic;
				DEVELOPMENT_TEAM = 9BMB7KMY7Q;
				INFOPLIST_FILE = DataModelingUsingStructUITests/Info.plist;
				LD_RUNPATH_SEARCH_PATHS = (
					"$(inherited)",
					"@executable_path/Frameworks",
					"@loader_path/Frameworks",
				);
				PRODUCT_BUNDLE_IDENTIFIER = product.clicklabs.Tookan.DataModelingUsingStructUITests;
				PRODUCT_NAME = "$(TARGET_NAME)";
				SWIFT_VERSION = 5.0;
				TARGETED_DEVICE_FAMILY = "1,2";
				TEST_TARGET_NAME = DataModelingUsingStruct;
			};
			name = Debug;
		};
		28E1268A2651493E007A49B5 /* Release */ = {
			isa = XCBuildConfiguration;
			buildSettings = {
				ALWAYS_EMBED_SWIFT_STANDARD_LIBRARIES = YES;
				CODE_SIGN_STYLE = Automatic;
				DEVELOPMENT_TEAM = 9BMB7KMY7Q;
				INFOPLIST_FILE = DataModelingUsingStructUITests/Info.plist;
				LD_RUNPATH_SEARCH_PATHS = (
					"$(inherited)",
					"@executable_path/Frameworks",
					"@loader_path/Frameworks",
				);
				PRODUCT_BUNDLE_IDENTIFIER = product.clicklabs.Tookan.DataModelingUsingStructUITests;
				PRODUCT_NAME = "$(TARGET_NAME)";
				SWIFT_VERSION = 5.0;
				TARGETED_DEVICE_FAMILY = "1,2";
				TEST_TARGET_NAME = DataModelingUsingStruct;
			};
			name = Release;
		};
/* End XCBuildConfiguration section */

/* Begin XCConfigurationList section */
		28E126532651493D007A49B5 /* Build configuration list for PBXProject "DataModelingUsingStruct" */ = {
			isa = XCConfigurationList;
			buildConfigurations = (
				28E126802651493E007A49B5 /* Debug */,
				28E126812651493E007A49B5 /* Release */,
			);
			defaultConfigurationIsVisible = 0;
			defaultConfigurationName = Release;
		};
		28E126822651493E007A49B5 /* Build configuration list for PBXNativeTarget "DataModelingUsingStruct" */ = {
			isa = XCConfigurationList;
			buildConfigurations = (
				28E126832651493E007A49B5 /* Debug */,
				28E126842651493E007A49B5 /* Release */,
			);
			defaultConfigurationIsVisible = 0;
			defaultConfigurationName = Release;
		};
		28E126852651493E007A49B5 /* Build configuration list for PBXNativeTarget "DataModelingUsingStructTests" */ = {
			isa = XCConfigurationList;
			buildConfigurations = (
				28E126862651493E007A49B5 /* Debug */,
				28E126872651493E007A49B5 /* Release */,
			);
			defaultConfigurationIsVisible = 0;
			defaultConfigurationName = Release;
		};
		28E126882651493E007A49B5 /* Build configuration list for PBXNativeTarget "DataModelingUsingStructUITests" */ = {
			isa = XCConfigurationList;
			buildConfigurations = (
				28E126892651493E007A49B5 /* Debug */,
				28E1268A2651493E007A49B5 /* Release */,
			);
			defaultConfigurationIsVisible = 0;
			defaultConfigurationName = Release;
		};
/* End XCConfigurationList section */
	};
	rootObject = 28E126502651493C007A49B5 /* Project object */;
}
